
Microsoft Visual Studio Solution File, Format Version 12.00
# Visual Studio 15
VisualStudioVersion = 15.0.28010.2048
MinimumVisualStudioVersion = 10.0.40219.1
Project("{FAE04EC0-301F-11D3-BF4B-00C04F79EFBC}") = "Zadanie4", "Zadanie4\Zadanie4.csproj", "{C96693E2-CA4E-4C7C-94DF-448B616B9C41}"
EndProject
Project("{FAE04EC0-301F-11D3-BF4B-00C04F79EFBC}") = "ServiceLayer", "ServiceLayer\ServiceLayer.csproj", "{EC1F3162-BCE6-4DF8-A188-731DBE4D7315}"
EndProject
Global
	GlobalSection(SolutionConfigurationPlatforms) = preSolution
		Debug|Any CPU = Debug|Any CPU
		Release|Any CPU = Release|Any CPU
	EndGlobalSection
	GlobalSection(ProjectConfigurationPlatforms) = postSolution
		{C96693E2-CA4E-4C7C-94DF-448B616B9C41}.Debug|Any CPU.ActiveCfg = Debug|Any CPU
		{C96693E2-CA4E-4C7C-94DF-448B616B9C41}.Debug|Any CPU.Build.0 = Debug|Any CPU
		{C96693E2-CA4E-4C7C-94DF-448B616B9C41}.Release|Any CPU.ActiveCfg = Release|Any CPU
		{C96693E2-CA4E-4C7C-94DF-448B616B9C41}.Release|Any CPU.Build.0 = Release|Any CPU
		{EC1F3162-BCE6-4DF8-A188-731DBE4D7315}.Debug|Any CPU.ActiveCfg = Debug|Any CPU
		{EC1F3162-BCE6-4DF8-A188-731DBE4D7315}.Debug|Any CPU.Build.0 = Debug|Any CPU
		{EC1F3162-BCE6-4DF8-A188-731DBE4D7315}.Release|Any CPU.ActiveCfg = Release|Any CPU
		{EC1F3162-BCE6-4DF8-A188-731DBE4D7315}.Release|Any CPU.Build.0 = Release|Any CPU
	EndGlobalSection
	GlobalSection(SolutionProperties) = preSolution
		HideSolutionNode = FALSE
	EndGlobalSection
	GlobalSection(ExtensibilityGlobals) = postSolution
		SolutionGuid = {7F2839DE-A1B7-4A51-B498-F52832A96D7E}
	EndGlobalSection
EndGlobal
